
Microsoft Visual Studio Solution File, Format Version 12.00
# Visual Studio Version 17
VisualStudioVersion = 17.9.34728.123
MinimumVisualStudioVersion = 10.0.40219.1
Project("{9A19103F-16F7-4668-BE54-9A1E7A4F7556}") = "1_BankAccount", "1_BankAccount\1_BankAccount.csproj", "{D265D36A-1A47-4070-81BA-F4ECAADB73B8}"
EndProject
Project("{9A19103F-16F7-4668-BE54-9A1E7A4F7556}") = "3_PraceSeStringama", "3_PraceSeStringama\3_PraceSeStringama.csproj", "{D74B19AC-9907-467E-BBEF-E375FD2085DA}"
EndProject
Project("{9A19103F-16F7-4668-BE54-9A1E7A4F7556}") = "2_CislaAPraceSNima", "2_CislaAPraceSNima\2_CislaAPraceSNima.csproj", "{6D4B8D48-41F3-4644-ABDF-10841132179C}"
EndProject
Project("{9A19103F-16F7-4668-BE54-9A1E7A4F7556}") = "4_Typy", "4_Typy\4_Typy.csproj", "{E6375FB3-F1CE-45AB-A746-D424EDF4E5E7}"
EndProject
Project("{9A19103F-16F7-4668-BE54-9A1E7A4F7556}") = "5_PokemonProjekt", "5_PokemonProjekt\5_PokemonProjekt.csproj", "{4A6441CD-C527-43EF-9386-913386A314FA}"
EndProject
Project("{9A19103F-16F7-4668-BE54-9A1E7A4F7556}") = "6_Classes", "6_Classes\6_Classes.csproj", "{60F06B5D-AC3C-41D4-BEFC-CE1FD0FC6F0C}"
EndProject
Project("{9A19103F-16F7-4668-BE54-9A1E7A4F7556}") = "7_Delegaty", "7_Delegaty\7_Delegaty.csproj", "{2280EF57-F757-4340-A0E9-C9C83E22618D}"
EndProject
Project("{9A19103F-16F7-4668-BE54-9A1E7A4F7556}") = "8_Eventy", "8_Eventy\8_Eventy.csproj", "{85585A38-B6AF-4DE1-BA68-19C41B95F6B5}"
EndProject
Project("{9A19103F-16F7-4668-BE54-9A1E7A4F7556}") = "9_Forms", "9_Forms\9_Forms.csproj", "{B1A1904E-1C9B-4081-9097-B499071C898D}"
EndProject
Project("{9A19103F-16F7-4668-BE54-9A1E7A4F7556}") = "0_Postup", "0_Postup\0_Postup.csproj", "{36DEE172-273B-4C31-A376-A6E8DBD09DDC}"
EndProject
Project("{9A19103F-16F7-4668-BE54-9A1E7A4F7556}") = "10_GDI_Grafika", "10_GDI_Grafika\10_GDI_Grafika.csproj", "{C5277922-9F45-4CF5-A74E-550DB43AF0AD}"
EndProject
Project("{9A19103F-16F7-4668-BE54-9A1E7A4F7556}") = "11_Webikos", "11_Webikos\11_Webikos.csproj", "{DA68A293-4888-49A9-8ABB-E71270C60D5C}"
EndProject
Project("{FAE04EC0-301F-11D3-BF4B-00C04F79EFBC}") = "12_TestProjektu", "12_TestProjektu\12_TestProjektu.csproj", "{345F8AE1-6000-440F-B072-7C0F993CCFD8}"
EndProject
Global
	GlobalSection(SolutionConfigurationPlatforms) = preSolution
		Debug|Any CPU = Debug|Any CPU
		Release|Any CPU = Release|Any CPU
	EndGlobalSection
	GlobalSection(ProjectConfigurationPlatforms) = postSolution
		{D265D36A-1A47-4070-81BA-F4ECAADB73B8}.Debug|Any CPU.ActiveCfg = Debug|Any CPU
		{D265D36A-1A47-4070-81BA-F4ECAADB73B8}.Debug|Any CPU.Build.0 = Debug|Any CPU
		{D265D36A-1A47-4070-81BA-F4ECAADB73B8}.Release|Any CPU.ActiveCfg = Release|Any CPU
		{D265D36A-1A47-4070-81BA-F4ECAADB73B8}.Release|Any CPU.Build.0 = Release|Any CPU
		{D74B19AC-9907-467E-BBEF-E375FD2085DA}.Debug|Any CPU.ActiveCfg = Debug|Any CPU
		{D74B19AC-9907-467E-BBEF-E375FD2085DA}.Debug|Any CPU.Build.0 = Debug|Any CPU
		{D74B19AC-9907-467E-BBEF-E375FD2085DA}.Release|Any CPU.ActiveCfg = Release|Any CPU
		{D74B19AC-9907-467E-BBEF-E375FD2085DA}.Release|Any CPU.Build.0 = Release|Any CPU
		{6D4B8D48-41F3-4644-ABDF-10841132179C}.Debug|Any CPU.ActiveCfg = Debug|Any CPU
		{6D4B8D48-41F3-4644-ABDF-10841132179C}.Debug|Any CPU.Build.0 = Debug|Any CPU
		{6D4B8D48-41F3-4644-ABDF-10841132179C}.Release|Any CPU.ActiveCfg = Release|Any CPU
		{6D4B8D48-41F3-4644-ABDF-10841132179C}.Release|Any CPU.Build.0 = Release|Any CPU
		{E6375FB3-F1CE-45AB-A746-D424EDF4E5E7}.Debug|Any CPU.ActiveCfg = Debug|Any CPU
		{E6375FB3-F1CE-45AB-A746-D424EDF4E5E7}.Debug|Any CPU.Build.0 = Debug|Any CPU
		{E6375FB3-F1CE-45AB-A746-D424EDF4E5E7}.Release|Any CPU.ActiveCfg = Release|Any CPU
		{E6375FB3-F1CE-45AB-A746-D424EDF4E5E7}.Release|Any CPU.Build.0 = Release|Any CPU
		{4A6441CD-C527-43EF-9386-913386A314FA}.Debug|Any CPU.ActiveCfg = Debug|Any CPU
		{4A6441CD-C527-43EF-9386-913386A314FA}.Debug|Any CPU.Build.0 = Debug|Any CPU
		{4A6441CD-C527-43EF-9386-913386A314FA}.Release|Any CPU.ActiveCfg = Release|Any CPU
		{4A6441CD-C527-43EF-9386-913386A314FA}.Release|Any CPU.Build.0 = Release|Any CPU
		{60F06B5D-AC3C-41D4-BEFC-CE1FD0FC6F0C}.Debug|Any CPU.ActiveCfg = Debug|Any CPU
		{60F06B5D-AC3C-41D4-BEFC-CE1FD0FC6F0C}.Debug|Any CPU.Build.0 = Debug|Any CPU
		{60F06B5D-AC3C-41D4-BEFC-CE1FD0FC6F0C}.Release|Any CPU.ActiveCfg = Release|Any CPU
		{60F06B5D-AC3C-41D4-BEFC-CE1FD0FC6F0C}.Release|Any CPU.Build.0 = Release|Any CPU
		{2280EF57-F757-4340-A0E9-C9C83E22618D}.Debug|Any CPU.ActiveCfg = Debug|Any CPU
		{2280EF57-F757-4340-A0E9-C9C83E22618D}.Debug|Any CPU.Build.0 = Debug|Any CPU
		{2280EF57-F757-4340-A0E9-C9C83E22618D}.Release|Any CPU.ActiveCfg = Release|Any CPU
		{2280EF57-F757-4340-A0E9-C9C83E22618D}.Release|Any CPU.Build.0 = Release|Any CPU
		{85585A38-B6AF-4DE1-BA68-19C41B95F6B5}.Debug|Any CPU.ActiveCfg = Debug|Any CPU
		{85585A38-B6AF-4DE1-BA68-19C41B95F6B5}.Debug|Any CPU.Build.0 = Debug|Any CPU
		{85585A38-B6AF-4DE1-BA68-19C41B95F6B5}.Release|Any CPU.ActiveCfg = Release|Any CPU
		{85585A38-B6AF-4DE1-BA68-19C41B95F6B5}.Release|Any CPU.Build.0 = Release|Any CPU
		{B1A1904E-1C9B-4081-9097-B499071C898D}.Debug|Any CPU.ActiveCfg = Debug|Any CPU
		{B1A1904E-1C9B-4081-9097-B499071C898D}.Debug|Any CPU.Build.0 = Debug|Any CPU
		{B1A1904E-1C9B-4081-9097-B499071C898D}.Release|Any CPU.ActiveCfg = Release|Any CPU
		{B1A1904E-1C9B-4081-9097-B499071C898D}.Release|Any CPU.Build.0 = Release|Any CPU
		{36DEE172-273B-4C31-A376-A6E8DBD09DDC}.Debug|Any CPU.ActiveCfg = Debug|Any CPU
		{36DEE172-273B-4C31-A376-A6E8DBD09DDC}.Debug|Any CPU.Build.0 = Debug|Any CPU
		{36DEE172-273B-4C31-A376-A6E8DBD09DDC}.Release|Any CPU.ActiveCfg = Release|Any CPU
		{36DEE172-273B-4C31-A376-A6E8DBD09DDC}.Release|Any CPU.Build.0 = Release|Any CPU
		{C5277922-9F45-4CF5-A74E-550DB43AF0AD}.Debug|Any CPU.ActiveCfg = Debug|Any CPU
		{C5277922-9F45-4CF5-A74E-550DB43AF0AD}.Debug|Any CPU.Build.0 = Debug|Any CPU
		{C5277922-9F45-4CF5-A74E-550DB43AF0AD}.Release|Any CPU.ActiveCfg = Release|Any CPU
		{C5277922-9F45-4CF5-A74E-550DB43AF0AD}.Release|Any CPU.Build.0 = Release|Any CPU
		{DA68A293-4888-49A9-8ABB-E71270C60D5C}.Debug|Any CPU.ActiveCfg = Debug|Any CPU
		{DA68A293-4888-49A9-8ABB-E71270C60D5C}.Debug|Any CPU.Build.0 = Debug|Any CPU
		{DA68A293-4888-49A9-8ABB-E71270C60D5C}.Release|Any CPU.ActiveCfg = Release|Any CPU
		{DA68A293-4888-49A9-8ABB-E71270C60D5C}.Release|Any CPU.Build.0 = Release|Any CPU
		{345F8AE1-6000-440F-B072-7C0F993CCFD8}.Debug|Any CPU.ActiveCfg = Debug|Any CPU
		{345F8AE1-6000-440F-B072-7C0F993CCFD8}.Debug|Any CPU.Build.0 = Debug|Any CPU
		{345F8AE1-6000-440F-B072-7C0F993CCFD8}.Release|Any CPU.ActiveCfg = Release|Any CPU
		{345F8AE1-6000-440F-B072-7C0F993CCFD8}.Release|Any CPU.Build.0 = Release|Any CPU
	EndGlobalSection
	GlobalSection(SolutionProperties) = preSolution
		HideSolutionNode = FALSE
	EndGlobalSection
	GlobalSection(ExtensibilityGlobals) = postSolution
		SolutionGuid = {75B97061-05E3-4D91-84FA-04FD5C8FBB1F}
	EndGlobalSection
EndGlobal
